
Microsoft Visual Studio Solution File, Format Version 12.00
# Visual Studio Version 17
VisualStudioVersion = 17.3.32929.385
MinimumVisualStudioVersion = 10.0.40219.1
Project("{2150E333-8FDC-42A3-9474-1A3956D46DE8}") = "ProJAK.Domain", "ProJAK.Domain", "{3A430384-1D22-4663-B957-0F0CCECC37C9}"
EndProject
Project("{2150E333-8FDC-42A3-9474-1A3956D46DE8}") = "ProJAK.Infrastructure", "ProJAK.Infrastructure", "{FEB09548-7AA3-461D-8F4A-587F26536359}"
EndProject
Project("{2150E333-8FDC-42A3-9474-1A3956D46DE8}") = "ProJAK.Application", "ProJAK.Application", "{C4C3979F-5C6C-49C8-B2B6-F6F19F888893}"
EndProject
Project("{2150E333-8FDC-42A3-9474-1A3956D46DE8}") = "ProJAK.Api", "ProJAK.Api", "{B525641A-2E6C-4D6B-A51C-13AB43A75A7E}"
EndProject
Project("{9A19103F-16F7-4668-BE54-9A1E7A4F7556}") = "ProJAK.Domain", "ProJAK.Domain\ProJAK.Domain.csproj", "{E6167DB4-6E9C-410E-9DC4-107740209E5E}"
EndProject
Project("{9A19103F-16F7-4668-BE54-9A1E7A4F7556}") = "ProJAK.EntityFramework", "ProJAK.EntityFramework\ProJAK.EntityFramework.csproj", "{2254B9EA-9708-436C-8D1B-5D738DB1E3EB}"
EndProject
Project("{9A19103F-16F7-4668-BE54-9A1E7A4F7556}") = "ProJAK.Repository", "ProJAK.Repository\ProJAK.Repository.csproj", "{3A3A01B6-5D15-420C-8D16-72D674A22A99}"
EndProject
Project("{9A19103F-16F7-4668-BE54-9A1E7A4F7556}") = "ProJAK.Service", "ProJAK.Service\ProJAK.Service.csproj", "{8DEB1B87-4D0D-4E85-B0CC-6D599118ACB7}"
EndProject
Project("{9A19103F-16F7-4668-BE54-9A1E7A4F7556}") = "ProJAK.Web", "ProJAK.Web\ProJAK.Web.csproj", "{233AC699-408A-46A0-8FD7-4754531999B3}"
EndProject
Project("{2150E333-8FDC-42A3-9474-1A3956D46DE8}") = "ProJAK.Setting", "ProJAK.Setting", "{FDA9523D-8A91-429D-BBEE-72CF8FE6B0E3}"
EndProject
Project("{FAE04EC0-301F-11D3-BF4B-00C04F79EFBC}") = "ProJAK.ResponseHandler", "ProJAK.ResponseHandler\ProJAK.ResponseHandler.csproj", "{F35633C3-78C6-49D7-B300-67941C6E7C45}"
EndProject
Global
	GlobalSection(SolutionConfigurationPlatforms) = preSolution
		Debug|Any CPU = Debug|Any CPU
		Release|Any CPU = Release|Any CPU
	EndGlobalSection
	GlobalSection(ProjectConfigurationPlatforms) = postSolution
		{E6167DB4-6E9C-410E-9DC4-107740209E5E}.Debug|Any CPU.ActiveCfg = Debug|Any CPU
		{E6167DB4-6E9C-410E-9DC4-107740209E5E}.Debug|Any CPU.Build.0 = Debug|Any CPU
		{E6167DB4-6E9C-410E-9DC4-107740209E5E}.Release|Any CPU.ActiveCfg = Release|Any CPU
		{E6167DB4-6E9C-410E-9DC4-107740209E5E}.Release|Any CPU.Build.0 = Release|Any CPU
		{2254B9EA-9708-436C-8D1B-5D738DB1E3EB}.Debug|Any CPU.ActiveCfg = Debug|Any CPU
		{2254B9EA-9708-436C-8D1B-5D738DB1E3EB}.Debug|Any CPU.Build.0 = Debug|Any CPU
		{2254B9EA-9708-436C-8D1B-5D738DB1E3EB}.Release|Any CPU.ActiveCfg = Release|Any CPU
		{2254B9EA-9708-436C-8D1B-5D738DB1E3EB}.Release|Any CPU.Build.0 = Release|Any CPU
		{3A3A01B6-5D15-420C-8D16-72D674A22A99}.Debug|Any CPU.ActiveCfg = Debug|Any CPU
		{3A3A01B6-5D15-420C-8D16-72D674A22A99}.Debug|Any CPU.Build.0 = Debug|Any CPU
		{3A3A01B6-5D15-420C-8D16-72D674A22A99}.Release|Any CPU.ActiveCfg = Release|Any CPU
		{3A3A01B6-5D15-420C-8D16-72D674A22A99}.Release|Any CPU.Build.0 = Release|Any CPU
		{8DEB1B87-4D0D-4E85-B0CC-6D599118ACB7}.Debug|Any CPU.ActiveCfg = Debug|Any CPU
		{8DEB1B87-4D0D-4E85-B0CC-6D599118ACB7}.Debug|Any CPU.Build.0 = Debug|Any CPU
		{8DEB1B87-4D0D-4E85-B0CC-6D599118ACB7}.Release|Any CPU.ActiveCfg = Release|Any CPU
		{8DEB1B87-4D0D-4E85-B0CC-6D599118ACB7}.Release|Any CPU.Build.0 = Release|Any CPU
		{233AC699-408A-46A0-8FD7-4754531999B3}.Debug|Any CPU.ActiveCfg = Debug|Any CPU
		{233AC699-408A-46A0-8FD7-4754531999B3}.Debug|Any CPU.Build.0 = Debug|Any CPU
		{233AC699-408A-46A0-8FD7-4754531999B3}.Release|Any CPU.ActiveCfg = Release|Any CPU
		{233AC699-408A-46A0-8FD7-4754531999B3}.Release|Any CPU.Build.0 = Release|Any CPU
		{F35633C3-78C6-49D7-B300-67941C6E7C45}.Debug|Any CPU.ActiveCfg = Debug|Any CPU
		{F35633C3-78C6-49D7-B300-67941C6E7C45}.Debug|Any CPU.Build.0 = Debug|Any CPU
		{F35633C3-78C6-49D7-B300-67941C6E7C45}.Release|Any CPU.ActiveCfg = Release|Any CPU
		{F35633C3-78C6-49D7-B300-67941C6E7C45}.Release|Any CPU.Build.0 = Release|Any CPU
	EndGlobalSection
	GlobalSection(SolutionProperties) = preSolution
		HideSolutionNode = FALSE
	EndGlobalSection
	GlobalSection(NestedProjects) = preSolution
		{E6167DB4-6E9C-410E-9DC4-107740209E5E} = {3A430384-1D22-4663-B957-0F0CCECC37C9}
		{2254B9EA-9708-436C-8D1B-5D738DB1E3EB} = {FEB09548-7AA3-461D-8F4A-587F26536359}
		{3A3A01B6-5D15-420C-8D16-72D674A22A99} = {FEB09548-7AA3-461D-8F4A-587F26536359}
		{8DEB1B87-4D0D-4E85-B0CC-6D599118ACB7} = {C4C3979F-5C6C-49C8-B2B6-F6F19F888893}
		{233AC699-408A-46A0-8FD7-4754531999B3} = {B525641A-2E6C-4D6B-A51C-13AB43A75A7E}
		{F35633C3-78C6-49D7-B300-67941C6E7C45} = {FDA9523D-8A91-429D-BBEE-72CF8FE6B0E3}
	EndGlobalSection
	GlobalSection(ExtensibilityGlobals) = postSolution
		SolutionGuid = {B2C9818A-507C-4317-8FB8-EA4E885105B4}
	EndGlobalSection
EndGlobal
